
Microsoft Visual Studio Solution File, Format Version 12.00
# Visual Studio Version 17
VisualStudioVersion = 17.7.34031.279
MinimumVisualStudioVersion = 10.0.40219.1
Project("{FAE04EC0-301F-11D3-BF4B-00C04F79EFBC}") = "Testu_Chirva", "Testu_Chirva\Testu_Chirva.csproj", "{F13FFD90-8A07-427A-B1B7-A4AC464E3106}"
EndProject
Global
	GlobalSection(SolutionConfigurationPlatforms) = preSolution
		Debug|Any CPU = Debug|Any CPU
		Release|Any CPU = Release|Any CPU
	EndGlobalSection
	GlobalSection(ProjectConfigurationPlatforms) = postSolution
		{F13FFD90-8A07-427A-B1B7-A4AC464E3106}.Debug|Any CPU.ActiveCfg = Debug|Any CPU
		{F13FFD90-8A07-427A-B1B7-A4AC464E3106}.Debug|Any CPU.Build.0 = Debug|Any CPU
		{F13FFD90-8A07-427A-B1B7-A4AC464E3106}.Release|Any CPU.ActiveCfg = Release|Any CPU
		{F13FFD90-8A07-427A-B1B7-A4AC464E3106}.Release|Any CPU.Build.0 = Release|Any CPU
	EndGlobalSection
	GlobalSection(SolutionProperties) = preSolution
		HideSolutionNode = FALSE
	EndGlobalSection
	GlobalSection(ExtensibilityGlobals) = postSolution
		SolutionGuid = {F9931C48-3255-4079-85D4-0B2BE29A5EA1}
	EndGlobalSection
EndGlobal
